
Microsoft Visual Studio Solution File, Format Version 12.00
Project("{FAE04EC0-301F-11D3-BF4B-00C04F79EFBC}") = "FamGuild.Core.Tests", "FamGuild.Core.Tests\FamGuild.Core.Tests.csproj", "{35668114-FD12-408F-B6A0-1FAD848A34ED}"
EndProject
Project("{FAE04EC0-301F-11D3-BF4B-00C04F79EFBC}") = "FamGuild.Webhost", "FamGuild.UI\FamGuild.Webhost\FamGuild.Webhost.csproj", "{4FF778CA-EBF0-47D1-ADE3-768E4E40E8C8}"
EndProject
Project("{FAE04EC0-301F-11D3-BF4B-00C04F79EFBC}") = "FamGuild.Core", "FamGuild.Core\FamGuild.Core.csproj", "{020D927C-3B3D-4FBA-95F4-AF63E136BE40}"
EndProject
Project("{FAE04EC0-301F-11D3-BF4B-00C04F79EFBC}") = "FamGuild.Infrastructure", "FamGuild.Infrastructure\FamGuild.Infrastructure.csproj", "{A8BA8210-0C91-4F65-9A0D-AFFBA80D3A37}"
EndProject
Global
	GlobalSection(SolutionConfigurationPlatforms) = preSolution
		Debug|Any CPU = Debug|Any CPU
		Release|Any CPU = Release|Any CPU
	EndGlobalSection
	GlobalSection(ProjectConfigurationPlatforms) = postSolution
		{35668114-FD12-408F-B6A0-1FAD848A34ED}.Debug|Any CPU.ActiveCfg = Debug|Any CPU
		{35668114-FD12-408F-B6A0-1FAD848A34ED}.Debug|Any CPU.Build.0 = Debug|Any CPU
		{35668114-FD12-408F-B6A0-1FAD848A34ED}.Release|Any CPU.ActiveCfg = Release|Any CPU
		{35668114-FD12-408F-B6A0-1FAD848A34ED}.Release|Any CPU.Build.0 = Release|Any CPU
		{4FF778CA-EBF0-47D1-ADE3-768E4E40E8C8}.Debug|Any CPU.ActiveCfg = Debug|Any CPU
		{4FF778CA-EBF0-47D1-ADE3-768E4E40E8C8}.Debug|Any CPU.Build.0 = Debug|Any CPU
		{4FF778CA-EBF0-47D1-ADE3-768E4E40E8C8}.Release|Any CPU.ActiveCfg = Release|Any CPU
		{4FF778CA-EBF0-47D1-ADE3-768E4E40E8C8}.Release|Any CPU.Build.0 = Release|Any CPU
		{020D927C-3B3D-4FBA-95F4-AF63E136BE40}.Debug|Any CPU.ActiveCfg = Debug|Any CPU
		{020D927C-3B3D-4FBA-95F4-AF63E136BE40}.Debug|Any CPU.Build.0 = Debug|Any CPU
		{020D927C-3B3D-4FBA-95F4-AF63E136BE40}.Release|Any CPU.ActiveCfg = Release|Any CPU
		{020D927C-3B3D-4FBA-95F4-AF63E136BE40}.Release|Any CPU.Build.0 = Release|Any CPU
		{A8BA8210-0C91-4F65-9A0D-AFFBA80D3A37}.Debug|Any CPU.ActiveCfg = Debug|Any CPU
		{A8BA8210-0C91-4F65-9A0D-AFFBA80D3A37}.Debug|Any CPU.Build.0 = Debug|Any CPU
		{A8BA8210-0C91-4F65-9A0D-AFFBA80D3A37}.Release|Any CPU.ActiveCfg = Release|Any CPU
		{A8BA8210-0C91-4F65-9A0D-AFFBA80D3A37}.Release|Any CPU.Build.0 = Release|Any CPU
	EndGlobalSection
EndGlobal
